PODS:
  - catweb_parser (0.1.1):
    - Flutter
  - Flutter (1.0.0)
  - flutter_inappwebview (0.0.1):
    - Flutter
    - flutter_inappwebview/Core (= 0.0.1)
    - OrderedSet (~> 5.0)
  - flutter_inappwebview/Core (0.0.1):
    - Flutter
    - OrderedSet (~> 5.0)
  - OrderedSet (5.0.0)
  - path_provider_foundation (0.0.1):
    - Flutter
    - FlutterMacOS
  - shared_preferences_foundation (0.0.1):
    - Flutter
    - FlutterMacOS
  - sqlite3 (3.41.0):
    - sqlite3/common (= 3.41.0)
  - sqlite3/common (3.41.0)
  - sqlite3/fts5 (3.41.0):
    - sqlite3/common
  - sqlite3/perf-threadsafe (3.41.0):
    - sqlite3/common
  - sqlite3/rtree (3.41.0):
    - sqlite3/common
  - sqlite3_flutter_libs (0.0.1):
    - Flutter
    - sqlite3 (~> 3.41.0)
    - sqlite3/fts5
    - sqlite3/perf-threadsafe
    - sqlite3/rtree
  - webview_cookie_manager (0.0.1):
    - Flutter

DEPENDENCIES:
  - catweb_parser (from `.symlinks/plugins/catweb_parser/ios`)
  - Flutter (from `Flutter`)
  - flutter_inappwebview (from `.symlinks/plugins/flutter_inappwebview/ios`)
  - path_provider_foundation (from `.symlinks/plugins/path_provider_foundation/ios`)
  - shared_preferences_foundation (from `.symlinks/plugins/shared_preferences_foundation/ios`)
  - sqlite3_flutter_libs (from `.symlinks/plugins/sqlite3_flutter_libs/ios`)
  - webview_cookie_manager (from `.symlinks/plugins/webview_cookie_manager/ios`)

SPEC REPOS:
  trunk:
    - OrderedSet
    - sqlite3

EXTERNAL SOURCES:
  catweb_parser:
    :path: ".symlinks/plugins/catweb_parser/ios"
  Flutter:
    :path: Flutter
  flutter_inappwebview:
    :path: ".symlinks/plugins/flutter_inappwebview/ios"
  path_provider_foundation:
    :path: ".symlinks/plugins/path_provider_foundation/ios"
  shared_preferences_foundation:
    :path: ".symlinks/plugins/shared_preferences_foundation/ios"
  sqlite3_flutter_libs:
    :path: ".symlinks/plugins/sqlite3_flutter_libs/ios"
  webview_cookie_manager:
    :path: ".symlinks/plugins/webview_cookie_manager/ios"

SPEC CHECKSUMS:
  catweb_parser: 90acc8a381f3395b771d3a710b602e1711843d4b
  Flutter: f04841e97a9d0b0a8025694d0796dd46242b2854
  flutter_inappwebview: bfd58618f49dc62f2676de690fc6dcda1d6c3721
  OrderedSet: aaeb196f7fef5a9edf55d89760da9176ad40b93c
  path_provider_foundation: c68054786f1b4f3343858c1e1d0caaded73f0be9
  shared_preferences_foundation: 986fc17f3d3251412d18b0265f9c64113a8c2472
  sqlite3: d31b2b69d59bd1b4ab30e5c92eb18fd8e82fa392
  sqlite3_flutter_libs: 78f93cb854d4680595bc2c63c57209a104b2efb1
  webview_cookie_manager: eaf920722b493bd0f7611b5484771ca53fed03f7

PODFILE CHECKSUM: 7de074eb9bc82d0c2860e31653915fffa228315b

COCOAPODS: 1.12.0
